
Microsoft Visual Studio Solution File, Format Version 12.00
# Visual Studio 2013
VisualStudioVersion = 12.0.40629.0
MinimumVisualStudioVersion = 10.0.40219.1
Project("{FAE04EC0-301F-11D3-BF4B-00C04F79EFBC}") = "TransferService", "TransferService\TransferService.csproj", "{953D232D-7EAB-4D35-B5F0-68877D1AAC72}"
EndProject
Project("{FAE04EC0-301F-11D3-BF4B-00C04F79EFBC}") = "TransferServiceHosting", "TransferServiceHosting\TransferServiceHosting.csproj", "{17740F53-A311-4007-921C-40D0C96ADC29}"
EndProject
Global
	GlobalSection(SolutionConfigurationPlatforms) = preSolution
		Debug|Any CPU = Debug|Any CPU
		Release|Any CPU = Release|Any CPU
	EndGlobalSection
	GlobalSection(ProjectConfigurationPlatforms) = postSolution
		{953D232D-7EAB-4D35-B5F0-68877D1AAC72}.Debug|Any CPU.ActiveCfg = Debug|Any CPU
		{953D232D-7EAB-4D35-B5F0-68877D1AAC72}.Debug|Any CPU.Build.0 = Debug|Any CPU
		{953D232D-7EAB-4D35-B5F0-68877D1AAC72}.Release|Any CPU.ActiveCfg = Release|Any CPU
		{953D232D-7EAB-4D35-B5F0-68877D1AAC72}.Release|Any CPU.Build.0 = Release|Any CPU
		{17740F53-A311-4007-921C-40D0C96ADC29}.Debug|Any CPU.ActiveCfg = Debug|Any CPU
		{17740F53-A311-4007-921C-40D0C96ADC29}.Debug|Any CPU.Build.0 = Debug|Any CPU
		{17740F53-A311-4007-921C-40D0C96ADC29}.Release|Any CPU.ActiveCfg = Release|Any CPU
		{17740F53-A311-4007-921C-40D0C96ADC29}.Release|Any CPU.Build.0 = Release|Any CPU
	EndGlobalSection
	GlobalSection(SolutionProperties) = preSolution
		HideSolutionNode = FALSE
	EndGlobalSection
EndGlobal
